
Microsoft Visual Studio Solution File, Format Version 12.00
# Visual Studio Version 16
VisualStudioVersion = 16.0.31729.503
MinimumVisualStudioVersion = 10.0.40219.1
Project("{FAE04EC0-301F-11D3-BF4B-00C04F79EFBC}") = "Contas", "Contas.csproj", "{4EE24620-DDB2-406C-8719-4B6FB5B00510}"
EndProject
Global
	GlobalSection(SolutionConfigurationPlatforms) = preSolution
		Debug|Any CPU = Debug|Any CPU
		Release|Any CPU = Release|Any CPU
	EndGlobalSection
	GlobalSection(ProjectConfigurationPlatforms) = postSolution
		{4EE24620-DDB2-406C-8719-4B6FB5B00510}.Debug|Any CPU.ActiveCfg = Debug|Any CPU
		{4EE24620-DDB2-406C-8719-4B6FB5B00510}.Debug|Any CPU.Build.0 = Debug|Any CPU
		{4EE24620-DDB2-406C-8719-4B6FB5B00510}.Release|Any CPU.ActiveCfg = Release|Any CPU
		{4EE24620-DDB2-406C-8719-4B6FB5B00510}.Release|Any CPU.Build.0 = Release|Any CPU
	EndGlobalSection
	GlobalSection(SolutionProperties) = preSolution
		HideSolutionNode = FALSE
	EndGlobalSection
	GlobalSection(ExtensibilityGlobals) = postSolution
		SolutionGuid = {8C86C70A-C056-454A-B648-A869A808FFA1}
	EndGlobalSection
EndGlobal
